
Microsoft Visual Studio Solution File, Format Version 12.00
# Visual Studio 14
VisualStudioVersion = 14.0.23107.0
MinimumVisualStudioVersion = 10.0.40219.1
Project("{F14B399A-7131-4C87-9E4B-1186C45EF12D}") = "PivotTable", "PivotTable\PivotTable.rptproj", "{18324931-56A6-4150-95AD-812805EA85C0}"
EndProject
Global
	GlobalSection(SolutionConfigurationPlatforms) = preSolution
		Debug|Default = Debug|Default
		DebugLocal|Default = DebugLocal|Default
		Release|Default = Release|Default
	EndGlobalSection
	GlobalSection(ProjectConfigurationPlatforms) = postSolution
		{18324931-56A6-4150-95AD-812805EA85C0}.Debug|Default.ActiveCfg = Debug
		{18324931-56A6-4150-95AD-812805EA85C0}.Debug|Default.Build.0 = Debug
		{18324931-56A6-4150-95AD-812805EA85C0}.Debug|Default.Deploy.0 = Debug
		{18324931-56A6-4150-95AD-812805EA85C0}.DebugLocal|Default.ActiveCfg = DebugLocal
		{18324931-56A6-4150-95AD-812805EA85C0}.DebugLocal|Default.Build.0 = DebugLocal
		{18324931-56A6-4150-95AD-812805EA85C0}.Release|Default.ActiveCfg = Release
		{18324931-56A6-4150-95AD-812805EA85C0}.Release|Default.Build.0 = Release
		{18324931-56A6-4150-95AD-812805EA85C0}.Release|Default.Deploy.0 = Release
	EndGlobalSection
	GlobalSection(SolutionProperties) = preSolution
		HideSolutionNode = FALSE
	EndGlobalSection
EndGlobal
