
Microsoft Visual Studio Solution File, Format Version 12.00
# Visual Studio 14
VisualStudioVersion = 14.0.23107.0
MinimumVisualStudioVersion = 10.0.40219.1
Project("{F14B399A-7131-4C87-9E4B-1186C45EF12D}") = "Maps", "Maps\Maps.rptproj", "{F5075BE6-BEA1-49E3-983C-8C9207C7B3AB}"
EndProject
Global
	GlobalSection(SolutionConfigurationPlatforms) = preSolution
		Debug|Default = Debug|Default
		DebugLocal|Default = DebugLocal|Default
		Release|Default = Release|Default
	EndGlobalSection
	GlobalSection(ProjectConfigurationPlatforms) = postSolution
		{F5075BE6-BEA1-49E3-983C-8C9207C7B3AB}.Debug|Default.ActiveCfg = Debug
		{F5075BE6-BEA1-49E3-983C-8C9207C7B3AB}.Debug|Default.Build.0 = Debug
		{F5075BE6-BEA1-49E3-983C-8C9207C7B3AB}.Debug|Default.Deploy.0 = Debug
		{F5075BE6-BEA1-49E3-983C-8C9207C7B3AB}.DebugLocal|Default.ActiveCfg = DebugLocal
		{F5075BE6-BEA1-49E3-983C-8C9207C7B3AB}.DebugLocal|Default.Build.0 = DebugLocal
		{F5075BE6-BEA1-49E3-983C-8C9207C7B3AB}.Release|Default.ActiveCfg = Release
		{F5075BE6-BEA1-49E3-983C-8C9207C7B3AB}.Release|Default.Build.0 = Release
		{F5075BE6-BEA1-49E3-983C-8C9207C7B3AB}.Release|Default.Deploy.0 = Release
	EndGlobalSection
	GlobalSection(SolutionProperties) = preSolution
		HideSolutionNode = FALSE
	EndGlobalSection
EndGlobal
